
Microsoft Visual Studio Solution File, Format Version 12.00
# Visual Studio Version 16
VisualStudioVersion = 16.0.33328.57
MinimumVisualStudioVersion = 10.0.40219.1
Project("{9A19103F-16F7-4668-BE54-9A1E7A4F7556}") = "8-4", "8-4\8-4.csproj", "{E3FB76C3-8A1B-4D48-9398-A65D7D303610}"
EndProject
Global
	GlobalSection(SolutionConfigurationPlatforms) = preSolution
		Debug|Any CPU = Debug|Any CPU
		Release|Any CPU = Release|Any CPU
	EndGlobalSection
	GlobalSection(ProjectConfigurationPlatforms) = postSolution
		{E3FB76C3-8A1B-4D48-9398-A65D7D303610}.Debug|Any CPU.ActiveCfg = Debug|Any CPU
		{E3FB76C3-8A1B-4D48-9398-A65D7D303610}.Debug|Any CPU.Build.0 = Debug|Any CPU
		{E3FB76C3-8A1B-4D48-9398-A65D7D303610}.Release|Any CPU.ActiveCfg = Release|Any CPU
		{E3FB76C3-8A1B-4D48-9398-A65D7D303610}.Release|Any CPU.Build.0 = Release|Any CPU
	EndGlobalSection
	GlobalSection(SolutionProperties) = preSolution
		HideSolutionNode = FALSE
	EndGlobalSection
	GlobalSection(ExtensibilityGlobals) = postSolution
		SolutionGuid = {7C418A26-D4EE-48B6-AF6C-A49DE3C8FA83}
	EndGlobalSection
EndGlobal
